
Microsoft Visual Studio Solution File, Format Version 12.00
# Visual Studio Version 17
VisualStudioVersion = 17.5.002.0
MinimumVisualStudioVersion = 10.0.40219.1
Project("{9A19103F-16F7-4668-BE54-9A1E7A4F7556}") = "program017c-Fibonacci-porovnani", "program017c-Fibonacci-porovnani.csproj", "{E8B6A3BD-2584-41B7-AAA4-562923DD86BA}"
EndProject
Global
	GlobalSection(SolutionConfigurationPlatforms) = preSolution
		Debug|Any CPU = Debug|Any CPU
		Release|Any CPU = Release|Any CPU
	EndGlobalSection
	GlobalSection(ProjectConfigurationPlatforms) = postSolution
		{E8B6A3BD-2584-41B7-AAA4-562923DD86BA}.Debug|Any CPU.ActiveCfg = Debug|Any CPU
		{E8B6A3BD-2584-41B7-AAA4-562923DD86BA}.Debug|Any CPU.Build.0 = Debug|Any CPU
		{E8B6A3BD-2584-41B7-AAA4-562923DD86BA}.Release|Any CPU.ActiveCfg = Release|Any CPU
		{E8B6A3BD-2584-41B7-AAA4-562923DD86BA}.Release|Any CPU.Build.0 = Release|Any CPU
	EndGlobalSection
	GlobalSection(SolutionProperties) = preSolution
		HideSolutionNode = FALSE
	EndGlobalSection
	GlobalSection(ExtensibilityGlobals) = postSolution
		SolutionGuid = {CD73D83C-AEFD-4E44-8DDF-98097A541CC3}
	EndGlobalSection
EndGlobal
